// !$*UTF8*$!
{
	archiveVersion = 1;
	classes = {
	};
	objectVersion = 46;
	objects = {

/* Begin PBXBuildFile section */
		735822331D3D1519001F708E /* HAExpandableCellTests.m in Sources */ = {isa = PBXBuildFile; fileRef = 735822321D3D1519001F708E /* HAExpandableCellTests.m */; };
		735822501D3D1731001F708E /* AppDelegate.m in Sources */ = {isa = PBXBuildFile; fileRef = 735822451D3D1731001F708E /* AppDelegate.m */; };
		735822511D3D1731001F708E /* Assets.xcassets in Resources */ = {isa = PBXBuildFile; fileRef = 735822461D3D1731001F708E /* Assets.xcassets */; };
		735822521D3D1731001F708E /* LaunchScreen.storyboard in Resources */ = {isa = PBXBuildFile; fileRef = 735822481D3D1731001F708E /* LaunchScreen.storyboard */; };
		735822531D3D1731001F708E /* data.plist in Resources */ = {isa = PBXBuildFile; fileRef = 7358224A1D3D1731001F708E /* data.plist */; };
		735822551D3D1731001F708E /* main.m in Sources */ = {isa = PBXBuildFile; fileRef = 7358224C1D3D1731001F708E /* main.m */; };
		735822561D3D1731001F708E /* Main.storyboard in Resources */ = {isa = PBXBuildFile; fileRef = 7358224D1D3D1731001F708E /* Main.storyboard */; };
		735822571D3D1731001F708E /* ViewController.m in Sources */ = {isa = PBXBuildFile; fileRef = 7358224F1D3D1731001F708E /* ViewController.m */; };
/* End PBXBuildFile section */

/* Begin PBXContainerItemProxy section */
		7358222F1D3D1519001F708E /* PBXContainerItemProxy */ = {
			isa = PBXContainerItemProxy;
			containerPortal = 7358220D1D3D1519001F708E /* Project object */;
			proxyType = 1;
			remoteGlobalIDString = 735822141D3D1519001F708E;
			remoteInfo = HAExpandableCell;
		};
/* End PBXContainerItemProxy section */

/* Begin PBXFileReference section */
		735822151D3D1519001F708E /* HAExpandableCell.app */ = {isa = PBXFileReference; explicitFileType = wrapper.application; includeInIndex = 0; path = HAExpandableCell.app; sourceTree = BUILT_PRODUCTS_DIR; };
		7358222E1D3D1519001F708E /* HAExpandableCellTests.xctest */ = {isa = PBXFileReference; explicitFileType = wrapper.cfbundle; includeInIndex = 0; path = HAExpandableCellTests.xctest; sourceTree = BUILT_PRODUCTS_DIR; };
		735822321D3D1519001F708E /* HAExpandableCellTests.m */ = {isa = PBXFileReference; lastKnownFileType = sourcecode.c.objc; path = HAExpandableCellTests.m; sourceTree = "<group>"; };
		735822341D3D1519001F708E /* Info.plist */ = {isa = PBXFileReference; lastKnownFileType = text.plist.xml; path = Info.plist; sourceTree = "<group>"; };
		735822441D3D1731001F708E /* AppDelegate.h */ = {isa = PBXFileReference; fileEncoding = 4; lastKnownFileType = sourcecode.c.h; name = AppDelegate.h; path = HAExpandableCell/AppDelegate.h; sourceTree = "<group>"; };
		735822451D3D1731001F708E /* AppDelegate.m */ = {isa = PBXFileReference; fileEncoding = 4; lastKnownFileType = sourcecode.c.objc; name = AppDelegate.m; path = HAExpandableCell/AppDelegate.m; sourceTree = "<group>"; };
		735822461D3D1731001F708E /* Assets.xcassets */ = {isa = PBXFileReference; lastKnownFileType = folder.assetcatalog; name = Assets.xcassets; path = HAExpandableCell/Assets.xcassets; sourceTree = "<group>"; };
		735822491D3D1731001F708E /* Base */ = {isa = PBXFileReference; lastKnownFileType = file.storyboard; name = Base; path = LaunchScreen.storyboard; sourceTree = "<group>"; };
		7358224A1D3D1731001F708E /* data.plist */ = {isa = PBXFileReference; fileEncoding = 4; lastKnownFileType = text.plist.xml; name = data.plist; path = HAExpandableCell/data.plist; sourceTree = "<group>"; };
		7358224B1D3D1731001F708E /* Info.plist */ = {isa = PBXFileReference; fileEncoding = 4; lastKnownFileType = text.plist.xml; name = Info.plist; path = HAExpandableCell/Info.plist; sourceTree = "<group>"; };
		7358224C1D3D1731001F708E /* main.m */ = {isa = PBXFileReference; fileEncoding = 4; lastKnownFileType = sourcecode.c.objc; name = main.m; path = HAExpandableCell/main.m; sourceTree = "<group>"; };
		7358224D1D3D1731001F708E /* Main.storyboard */ = {isa = PBXFileReference; fileEncoding = 4; lastKnownFileType = file.storyboard; name = Main.storyboard; path = HAExpandableCell/Main.storyboard; sourceTree = "<group>"; };
		7358224E1D3D1731001F708E /* ViewController.h */ = {isa = PBXFileReference; fileEncoding = 4; lastKnownFileType = sourcecode.c.h; name = ViewController.h; path = HAExpandableCell/ViewController.h; sourceTree = "<group>"; };
		7358224F1D3D1731001F708E /* ViewController.m */ = {isa = PBXFileReference; fileEncoding = 4; lastKnownFileType = sourcecode.c.objc; name = ViewController.m; path = HAExpandableCell/ViewController.m; sourceTree = "<group>"; };
/* End PBXFileReference section */

/* Begin PBXFrameworksBuildPhase section */
		735822121D3D1519001F708E /* Frameworks */ = {
			isa = PBXFrameworksBuildPhase;
			buildActionMask = 2147483647;
			files = (
			);
			runOnlyForDeploymentPostprocessing = 0;
		};
		7358222B1D3D1519001F708E /* Frameworks */ = {
			isa = PBXFrameworksBuildPhase;
			buildActionMask = 2147483647;
			files = (
			);
			runOnlyForDeploymentPostprocessing = 0;
		};
/* End PBXFrameworksBuildPhase section */

/* Begin PBXGroup section */
		7358220C1D3D1519001F708E = {
			isa = PBXGroup;
			children = (
				735822171D3D1519001F708E /* HAExpandableCell */,
				735822311D3D1519001F708E /* HAExpandableCellTests */,
				735822161D3D1519001F708E /* Products */,
			);
			sourceTree = "<group>";
		};
		735822161D3D1519001F708E /* Products */ = {
			isa = PBXGroup;
			children = (
				735822151D3D1519001F708E /* HAExpandableCell.app */,
				7358222E1D3D1519001F708E /* HAExpandableCellTests.xctest */,
			);
			name = Products;
			sourceTree = "<group>";
		};
		735822171D3D1519001F708E /* HAExpandableCell */ = {
			isa = PBXGroup;
			children = (
				735822441D3D1731001F708E /* AppDelegate.h */,
				735822451D3D1731001F708E /* AppDelegate.m */,
				735822481D3D1731001F708E /* LaunchScreen.storyboard */,
				735822461D3D1731001F708E /* Assets.xcassets */,
				7358224A1D3D1731001F708E /* data.plist */,
				7358224D1D3D1731001F708E /* Main.storyboard */,
				7358224E1D3D1731001F708E /* ViewController.h */,
				7358224F1D3D1731001F708E /* ViewController.m */,
				735822181D3D1519001F708E /* Supporting Files */,
			);
			path = HAExpandableCell;
			sourceTree = "<group>";
		};
		735822181D3D1519001F708E /* Supporting Files */ = {
			isa = PBXGroup;
			children = (
				7358224B1D3D1731001F708E /* Info.plist */,
				7358224C1D3D1731001F708E /* main.m */,
			);
			name = "Supporting Files";
			sourceTree = "<group>";
		};
		735822311D3D1519001F708E /* HAExpandableCellTests */ = {
			isa = PBXGroup;
			children = (
				735822321D3D1519001F708E /* HAExpandableCellTests.m */,
				735822341D3D1519001F708E /* Info.plist */,
			);
			path = HAExpandableCellTests;
			sourceTree = "<group>";
		};
/* End PBXGroup section */

/* Begin PBXNativeTarget section */
		735822141D3D1519001F708E /* HAExpandableCell */ = {
			isa = PBXNativeTarget;
			buildConfigurationList = 735822371D3D1519001F708E /* Build configuration list for PBXNativeTarget "HAExpandableCell" */;
			buildPhases = (
				735822111D3D1519001F708E /* Sources */,
				735822121D3D1519001F708E /* Frameworks */,
				735822131D3D1519001F708E /* Resources */,
			);
			buildRules = (
			);
			dependencies = (
			);
			name = HAExpandableCell;
			productName = HAExpandableCell;
			productReference = 735822151D3D1519001F708E /* HAExpandableCell.app */;
			productType = "com.apple.product-type.application";
		};
		7358222D1D3D1519001F708E /* HAExpandableCellTests */ = {
			isa = PBXNativeTarget;
			buildConfigurationList = 7358223A1D3D1519001F708E /* Build configuration list for PBXNativeTarget "HAExpandableCellTests" */;
			buildPhases = (
				7358222A1D3D1519001F708E /* Sources */,
				7358222B1D3D1519001F708E /* Frameworks */,
				7358222C1D3D1519001F708E /* Resources */,
			);
			buildRules = (
			);
			dependencies = (
				735822301D3D1519001F708E /* PBXTargetDependency */,
			);
			name = HAExpandableCellTests;
			productName = HAExpandableCellTests;
			productReference = 7358222E1D3D1519001F708E /* HAExpandableCellTests.xctest */;
			productType = "com.apple.product-type.bundle.unit-test";
		};
/* End PBXNativeTarget section */

/* Begin PBXProject section */
		7358220D1D3D1519001F708E /* Project object */ = {
			isa = PBXProject;
			attributes = {
				LastUpgradeCheck = 0730;
				ORGANIZATIONNAME = masterapps;
				TargetAttributes = {
					735822141D3D1519001F708E = {
						CreatedOnToolsVersion = 7.3.1;
					};
					7358222D1D3D1519001F708E = {
						CreatedOnToolsVersion = 7.3.1;
						TestTargetID = 735822141D3D1519001F708E;
					};
				};
			};
			buildConfigurationList = 735822101D3D1519001F708E /* Build configuration list for PBXProject "HAExpandableCell" */;
			compatibilityVersion = "Xcode 3.2";
			developmentRegion = English;
			hasScannedForEncodings = 0;
			knownRegions = (
				en,
				Base,
			);
			mainGroup = 7358220C1D3D1519001F708E;
			productRefGroup = 735822161D3D1519001F708E /* Products */;
			projectDirPath = "";
			projectRoot = "";
			targets = (
				735822141D3D1519001F708E /* HAExpandableCell */,
				7358222D1D3D1519001F708E /* HAExpandableCellTests */,
			);
		};
/* End PBXProject section */

/* Begin PBXResourcesBuildPhase section */
		735822131D3D1519001F708E /* Resources */ = {
			isa = PBXResourcesBuildPhase;
			buildActionMask = 2147483647;
			files = (
				735822561D3D1731001F708E /* Main.storyboard in Resources */,
				735822531D3D1731001F708E /* data.plist in Resources */,
				735822511D3D1731001F708E /* Assets.xcassets in Resources */,
				735822521D3D1731001F708E /* LaunchScreen.storyboard in Resources */,
			);
			runOnlyForDeploymentPostprocessing = 0;
		};
		7358222C1D3D1519001F708E /* Resources */ = {
			isa = PBXResourcesBuildPhase;
			buildActionMask = 2147483647;
			files = (
			);
			runOnlyForDeploymentPostprocessing = 0;
		};
/* End PBXResourcesBuildPhase section */

/* Begin PBXSourcesBuildPhase section */
		735822111D3D1519001F708E /* Sources */ = {
			isa = PBXSourcesBuildPhase;
			buildActionMask = 2147483647;
			files = (
				735822501D3D1731001F708E /* AppDelegate.m in Sources */,
				735822551D3D1731001F708E /* main.m in Sources */,
				735822571D3D1731001F708E /* ViewController.m in Sources */,
			);
			runOnlyForDeploymentPostprocessing = 0;
		};
		7358222A1D3D1519001F708E /* Sources */ = {
			isa = PBXSourcesBuildPhase;
			buildActionMask = 2147483647;
			files = (
				735822331D3D1519001F708E /* HAExpandableCellTests.m in Sources */,
			);
			runOnlyForDeploymentPostprocessing = 0;
		};
/* End PBXSourcesBuildPhase section */

/* Begin PBXTargetDependency section */
		735822301D3D1519001F708E /* PBXTargetDependency */ = {
			isa = PBXTargetDependency;
			target = 735822141D3D1519001F708E /* HAExpandableCell */;
			targetProxy = 7358222F1D3D1519001F708E /* PBXContainerItemProxy */;
		};
/* End PBXTargetDependency section */

/* Begin PBXVariantGroup section */
		735822481D3D1731001F708E /* LaunchScreen.storyboard */ = {
			isa = PBXVariantGroup;
			children = (
				735822491D3D1731001F708E /* Base */,
			);
			name = LaunchScreen.storyboard;
			path = HAExpandableCell/Base.lproj;
			sourceTree = "<group>";
		};
/* End PBXVariantGroup section */

/* Begin XCBuildConfiguration section */
		735822351D3D1519001F708E /* Debug */ = {
			isa = XCBuildConfiguration;
			buildSettings = {
				ALWAYS_SEARCH_USER_PATHS = NO;
				CLANG_ANALYZER_NONNULL = YES;
				CLANG_CXX_LANGUAGE_STANDARD = "gnu++0x";
				CLANG_CXX_LIBRARY = "libc++";
				CLANG_ENABLE_MODULES = YES;
				CLANG_ENABLE_OBJC_ARC = YES;
				CLANG_WARN_BOOL_CONVERSION = YES;
				CLANG_WARN_CONSTANT_CONVERSION = YES;
				CLANG_WARN_DIRECT_OBJC_ISA_USAGE = YES_ERROR;
				CLANG_WARN_EMPTY_BODY = YES;
				CLANG_WARN_ENUM_CONVERSION = YES;
				CLANG_WARN_INT_CONVERSION = YES;
				CLANG_WARN_OBJC_ROOT_CLASS = YES_ERROR;
				CLANG_WARN_UNREACHABLE_CODE = YES;
				CLANG_WARN__DUPLICATE_METHOD_MATCH = YES;
				"CODE_SIGN_IDENTITY[sdk=iphoneos*]" = "iPhone Developer";
				COPY_PHASE_STRIP = NO;
				DEBUG_INFORMATION_FORMAT = dwarf;
				ENABLE_STRICT_OBJC_MSGSEND = YES;
				ENABLE_TESTABILITY = YES;
				GCC_C_LANGUAGE_STANDARD = gnu99;
				GCC_DYNAMIC_NO_PIC = NO;
				GCC_NO_COMMON_BLOCKS = YES;
				GCC_OPTIMIZATION_LEVEL = 0;
				GCC_PREPROCESSOR_DEFINITIONS = (
					"DEBUG=1",
					"$(inherited)",
				);
				GCC_WARN_64_TO_32_BIT_CONVERSION = YES;
				GCC_WARN_ABOUT_RETURN_TYPE = YES_ERROR;
				GCC_WARN_UNDECLARED_SELECTOR = YES;
				GCC_WARN_UNINITIALIZED_AUTOS = YES_AGGRESSIVE;
				GCC_WARN_UNUSED_FUNCTION = YES;
				GCC_WARN_UNUSED_VARIABLE = YES;
				INFOPLIST_FILE = HAExpandableCell/HAExpandableCell/Info.plist;
				IPHONEOS_DEPLOYMENT_TARGET = 9.3;
				MTL_ENABLE_DEBUG_INFO = YES;
				ONLY_ACTIVE_ARCH = YES;
				SDKROOT = iphoneos;
			};
			name = Debug;
		};
		735822361D3D1519001F708E /* Release */ = {
			isa = XCBuildConfiguration;
			buildSettings = {
				ALWAYS_SEARCH_USER_PATHS = NO;
				CLANG_ANALYZER_NONNULL = YES;
				CLANG_CXX_LANGUAGE_STANDARD = "gnu++0x";
				CLANG_CXX_LIBRARY = "libc++";
				CLANG_ENABLE_MODULES = YES;
				CLANG_ENABLE_OBJC_ARC = YES;
				CLANG_WARN_BOOL_CONVERSION = YES;
				CLANG_WARN_CONSTANT_CONVERSION = YES;
				CLANG_WARN_DIRECT_OBJC_ISA_USAGE = YES_ERROR;
				CLANG_WARN_EMPTY_BODY = YES;
				CLANG_WARN_ENUM_CONVERSION = YES;
				CLANG_WARN_INT_CONVERSION = YES;
				CLANG_WARN_OBJC_ROOT_CLASS = YES_ERROR;
				CLANG_WARN_UNREACHABLE_CODE = YES;
				CLANG_WARN__DUPLICATE_METHOD_MATCH = YES;
				"CODE_SIGN_IDENTITY[sdk=iphoneos*]" = "iPhone Developer";
				COPY_PHASE_STRIP = NO;
				DEBUG_INFORMATION_FORMAT = "dwarf-with-dsym";
				ENABLE_NS_ASSERTIONS = NO;
				ENABLE_STRICT_OBJC_MSGSEND = YES;
				GCC_C_LANGUAGE_STANDARD = gnu99;
				GCC_NO_COMMON_BLOCKS = YES;
				GCC_WARN_64_TO_32_BIT_CONVERSION = YES;
				GCC_WARN_ABOUT_RETURN_TYPE = YES_ERROR;
				GCC_WARN_UNDECLARED_SELECTOR = YES;
				GCC_WARN_UNINITIALIZED_AUTOS = YES_AGGRESSIVE;
				GCC_WARN_UNUSED_FUNCTION = YES;
				GCC_WARN_UNUSED_VARIABLE = YES;
				INFOPLIST_FILE = HAExpandableCell/HAExpandableCell/Info.plist;
				IPHONEOS_DEPLOYMENT_TARGET = 9.3;
				MTL_ENABLE_DEBUG_INFO = NO;
				SDKROOT = iphoneos;
				VALIDATE_PRODUCT = YES;
			};
			name = Release;
		};
		735822381D3D1519001F708E /* Debug */ = {
			isa = XCBuildConfiguration;
			buildSettings = {
				ASSETCATALOG_COMPILER_APPICON_NAME = AppIcon;
				LD_RUNPATH_SEARCH_PATHS = "$(inherited) @executable_path/Frameworks";
				PRODUCT_BUNDLE_IDENTIFIER = es.masterapps.HAExpandableCell;
				PRODUCT_NAME = "$(TARGET_NAME)";
			};
			name = Debug;
		};
		735822391D3D1519001F708E /* Release */ = {
			isa = XCBuildConfiguration;
			buildSettings = {
				ASSETCATALOG_COMPILER_APPICON_NAME = AppIcon;
				LD_RUNPATH_SEARCH_PATHS = "$(inherited) @executable_path/Frameworks";
				PRODUCT_BUNDLE_IDENTIFIER = es.masterapps.HAExpandableCell;
				PRODUCT_NAME = "$(TARGET_NAME)";
			};
			name = Release;
		};
		7358223B1D3D1519001F708E /* Debug */ = {
			isa = XCBuildConfiguration;
			buildSettings = {
				BUNDLE_LOADER = "$(TEST_HOST)";
				INFOPLIST_FILE = HAExpandableCellTests/Info.plist;
				LD_RUNPATH_SEARCH_PATHS = "$(inherited) @executable_path/Frameworks @loader_path/Frameworks";
				PRODUCT_BUNDLE_IDENTIFIER = es.masterapps.HAExpandableCellTests;
				PRODUCT_NAME = "$(TARGET_NAME)";
				TEST_HOST = "$(BUILT_PRODUCTS_DIR)/HAExpandableCell.app/HAExpandableCell";
			};
			name = Debug;
		};
		7358223C1D3D1519001F708E /* Release */ = {
			isa = XCBuildConfiguration;
			buildSettings = {
				BUNDLE_LOADER = "$(TEST_HOST)";
				INFOPLIST_FILE = HAExpandableCellTests/Info.plist;
				LD_RUNPATH_SEARCH_PATHS = "$(inherited) @executable_path/Frameworks @loader_path/Frameworks";
				PRODUCT_BUNDLE_IDENTIFIER = es.masterapps.HAExpandableCellTests;
				PRODUCT_NAME = "$(TARGET_NAME)";
				TEST_HOST = "$(BUILT_PRODUCTS_DIR)/HAExpandableCell.app/HAExpandableCell";
			};
			name = Release;
		};
/* End XCBuildConfiguration section */

/* Begin XCConfigurationList section */
		735822101D3D1519001F708E /* Build configuration list for PBXProject "HAExpandableCell" */ = {
			isa = XCConfigurationList;
			buildConfigurations = (
				735822351D3D1519001F708E /* Debug */,
				735822361D3D1519001F708E /* Release */,
			);
			defaultConfigurationIsVisible = 0;
			defaultConfigurationName = Release;
		};
		735822371D3D1519001F708E /* Build configuration list for PBXNativeTarget "HAExpandableCell" */ = {
			isa = XCConfigurationList;
			buildConfigurations = (
				735822381D3D1519001F708E /* Debug */,
				735822391D3D1519001F708E /* Release */,
			);
			defaultConfigurationIsVisible = 0;
			defaultConfigurationName = Release;
		};
		7358223A1D3D1519001F708E /* Build configuration list for PBXNativeTarget "HAExpandableCellTests" */ = {
			isa = XCConfigurationList;
			buildConfigurations = (
				7358223B1D3D1519001F708E /* Debug */,
				7358223C1D3D1519001F708E /* Release */,
			);
			defaultConfigurationIsVisible = 0;
			defaultConfigurationName = Release;
		};
/* End XCConfigurationList section */
	};
	rootObject = 7358220D1D3D1519001F708E /* Project object */;
}
